# This file is automatically @generated by Cargo.
# It is not intended for manual editing.
version = 3

[[package]]
name = "cc"
version = "1.0.97"
source = "registry+https://github.com/rust-lang/crates.io-index"
checksum = "099a5357d84c4c61eb35fc8eafa9a79a902c2f76911e5747ced4e032edd8d9b4"

[[package]]
name = "tree-sitter-language"
version = "0.1.0"
source = "registry+https://github.com/rust-lang/crates.io-index"
checksum = "2545046bd1473dac6c626659cc2567c6c0ff302fc8b84a56c4243378276f7f57"

[[package]]
name = "tree-sitter-pact"
version = "0.0.1"
dependencies = [
 "cc",
 "tree-sitter-language",
]
